
Microsoft Visual Studio Solution File, Format Version 12.00
# Visual Studio Version 17
VisualStudioVersion = 17.0.31903.59
MinimumVisualStudioVersion = 10.0.40219.1
Project("{FAE04EC0-301F-11D3-BF4B-00C04F79EFBC}") = "SlimDemo.Common", "SlimDemo.Common\SlimDemo.Common.csproj", "{A1B2C3D4-E5F6-7890-ABCD-EF1234567890}"
EndProject
Project("{FAE04EC0-301F-11D3-BF4B-00C04F79EFBC}") = "SlimDemo.Alice", "SlimDemo.Alice\SlimDemo.Alice.csproj", "{1278E196-16DE-428C-B754-4B5481C824EF}"
EndProject
Project("{FAE04EC0-301F-11D3-BF4B-00C04F79EFBC}") = "SlimDemo.Alice.Gui", "SlimDemo.Alice.Gui\SlimDemo.Alice.Gui.csproj", "{DC1950B7-1877-40F8-89EB-8DF805CEA059}"
EndProject
Project("{FAE04EC0-301F-11D3-BF4B-00C04F79EFBC}") = "SlimDemo.Group.Gui", "SlimDemo.Group.Gui\SlimDemo.Group.Gui.csproj", "{B3C4D5E6-F7A8-9012-BCDE-F34567890ABC}"
EndProject
Global
	GlobalSection(SolutionConfigurationPlatforms) = preSolution
		Debug|Any CPU = Debug|Any CPU
		Release|Any CPU = Release|Any CPU
	EndGlobalSection
	GlobalSection(SolutionProperties) = preSolution
		HideSolutionNode = FALSE
	EndGlobalSection
	GlobalSection(ProjectConfigurationPlatforms) = postSolution
		{A1B2C3D4-E5F6-7890-ABCD-EF1234567890}.Debug|Any CPU.ActiveCfg = Debug|Any CPU
		{A1B2C3D4-E5F6-7890-ABCD-EF1234567890}.Debug|Any CPU.Build.0 = Debug|Any CPU
		{A1B2C3D4-E5F6-7890-ABCD-EF1234567890}.Release|Any CPU.ActiveCfg = Release|Any CPU
		{A1B2C3D4-E5F6-7890-ABCD-EF1234567890}.Release|Any CPU.Build.0 = Release|Any CPU
		{1278E196-16DE-428C-B754-4B5481C824EF}.Debug|Any CPU.ActiveCfg = Debug|Any CPU
		{1278E196-16DE-428C-B754-4B5481C824EF}.Debug|Any CPU.Build.0 = Debug|Any CPU
		{1278E196-16DE-428C-B754-4B5481C824EF}.Release|Any CPU.ActiveCfg = Release|Any CPU
		{1278E196-16DE-428C-B754-4B5481C824EF}.Release|Any CPU.Build.0 = Release|Any CPU
		{DC1950B7-1877-40F8-89EB-8DF805CEA059}.Debug|Any CPU.ActiveCfg = Debug|Any CPU
		{DC1950B7-1877-40F8-89EB-8DF805CEA059}.Debug|Any CPU.Build.0 = Debug|Any CPU
		{DC1950B7-1877-40F8-89EB-8DF805CEA059}.Release|Any CPU.ActiveCfg = Release|Any CPU
		{DC1950B7-1877-40F8-89EB-8DF805CEA059}.Release|Any CPU.Build.0 = Release|Any CPU
		{B3C4D5E6-F7A8-9012-BCDE-F34567890ABC}.Debug|Any CPU.ActiveCfg = Debug|Any CPU
		{B3C4D5E6-F7A8-9012-BCDE-F34567890ABC}.Debug|Any CPU.Build.0 = Debug|Any CPU
		{B3C4D5E6-F7A8-9012-BCDE-F34567890ABC}.Release|Any CPU.ActiveCfg = Release|Any CPU
		{B3C4D5E6-F7A8-9012-BCDE-F34567890ABC}.Release|Any CPU.Build.0 = Release|Any CPU
	EndGlobalSection
EndGlobal
