github.com/agntcy/slim-bindings-go v1.1.1 h1:M7Ou11SdXJrvZKMxZC+mh3pr59Hxp25SRWpu4SHU3dM=
github.com/agntcy/slim-bindings-go v1.1.1/go.mod h1:XK0Ing+REEl8xG79HTMx52XzWK2THuTQA+Y7JTAn428=
google.golang.org/protobuf v1.36.11 h1:fV6ZwhNocDyBLK0dj+fg8ektcVegBBuEolpbTQyBNVE=
google.golang.org/protobuf v1.36.11/go.mod h1:HTf+CrKn2C3g5S8VImy6tdcUvCska2kB7j23XfzDpco=
